
Microsoft Visual Studio Solution File, Format Version 12.00
# Visual Studio Version 17
VisualStudioVersion = 17.2.32630.192
MinimumVisualStudioVersion = 10.0.40219.1
Project("{9A19103F-16F7-4668-BE54-9A1E7A4F7556}") = "IList", "IList\IList.csproj", "{CF52136A-99E6-472E-8941-C9FB8DC9F229}"
EndProject
Project("{FAE04EC0-301F-11D3-BF4B-00C04F79EFBC}") = "IListTests", "IListTests\IListTests.csproj", "{E1EAE500-EAD3-423E-B9E9-4D71C80D79C7}"
EndProject
Global
	GlobalSection(SolutionConfigurationPlatforms) = preSolution
		Debug|Any CPU = Debug|Any CPU
		Release|Any CPU = Release|Any CPU
	EndGlobalSection
	GlobalSection(ProjectConfigurationPlatforms) = postSolution
		{CF52136A-99E6-472E-8941-C9FB8DC9F229}.Debug|Any CPU.ActiveCfg = Debug|Any CPU
		{CF52136A-99E6-472E-8941-C9FB8DC9F229}.Debug|Any CPU.Build.0 = Debug|Any CPU
		{CF52136A-99E6-472E-8941-C9FB8DC9F229}.Release|Any CPU.ActiveCfg = Release|Any CPU
		{CF52136A-99E6-472E-8941-C9FB8DC9F229}.Release|Any CPU.Build.0 = Release|Any CPU
		{E1EAE500-EAD3-423E-B9E9-4D71C80D79C7}.Debug|Any CPU.ActiveCfg = Debug|Any CPU
		{E1EAE500-EAD3-423E-B9E9-4D71C80D79C7}.Debug|Any CPU.Build.0 = Debug|Any CPU
		{E1EAE500-EAD3-423E-B9E9-4D71C80D79C7}.Release|Any CPU.ActiveCfg = Release|Any CPU
		{E1EAE500-EAD3-423E-B9E9-4D71C80D79C7}.Release|Any CPU.Build.0 = Release|Any CPU
	EndGlobalSection
	GlobalSection(SolutionProperties) = preSolution
		HideSolutionNode = FALSE
	EndGlobalSection
	GlobalSection(ExtensibilityGlobals) = postSolution
		SolutionGuid = {6D1D1DC5-8F69-4D83-BB1C-C3A95530DAAC}
	EndGlobalSection
EndGlobal
